
Microsoft Visual Studio Solution File, Format Version 12.00
Project("{FAE04EC0-301F-11D3-BF4B-00C04F79EFBC}") = "Domain", "Domain\Domain.csproj", "{5092C02A-55A4-4888-8B9A-23F61154493F}"
EndProject
Project("{FAE04EC0-301F-11D3-BF4B-00C04F79EFBC}") = "RTSP.Listener", "RTSP.Listener\RTSP.Listener.csproj", "{1252C23E-B171-4790-943E-0249C709C139}"
EndProject
Project("{FAE04EC0-301F-11D3-BF4B-00C04F79EFBC}") = "RTSP.Receiver", "RTSP.Receiver\RTSP.Receiver.csproj", "{4024ACA5-EB2E-4F52-ADFF-28F21C27C1DF}"
EndProject
Project("{FAE04EC0-301F-11D3-BF4B-00C04F79EFBC}") = "Application", "Application\Application.csproj", "{037E983A-A036-4A78-8537-A5AA9BDF82F5}"
EndProject
Project("{FAE04EC0-301F-11D3-BF4B-00C04F79EFBC}") = "Application.Receiver", "Application.Receiver\Application.Receiver.csproj", "{8CF3229B-4FD8-471E-A9CD-E656102F552C}"
EndProject
Global
	GlobalSection(SolutionConfigurationPlatforms) = preSolution
		Debug|Any CPU = Debug|Any CPU
		Release|Any CPU = Release|Any CPU
	EndGlobalSection
	GlobalSection(ProjectConfigurationPlatforms) = postSolution
		{5092C02A-55A4-4888-8B9A-23F61154493F}.Debug|Any CPU.ActiveCfg = Debug|Any CPU
		{5092C02A-55A4-4888-8B9A-23F61154493F}.Debug|Any CPU.Build.0 = Debug|Any CPU
		{5092C02A-55A4-4888-8B9A-23F61154493F}.Release|Any CPU.ActiveCfg = Release|Any CPU
		{5092C02A-55A4-4888-8B9A-23F61154493F}.Release|Any CPU.Build.0 = Release|Any CPU
		{1252C23E-B171-4790-943E-0249C709C139}.Debug|Any CPU.ActiveCfg = Debug|Any CPU
		{1252C23E-B171-4790-943E-0249C709C139}.Debug|Any CPU.Build.0 = Debug|Any CPU
		{1252C23E-B171-4790-943E-0249C709C139}.Release|Any CPU.ActiveCfg = Release|Any CPU
		{1252C23E-B171-4790-943E-0249C709C139}.Release|Any CPU.Build.0 = Release|Any CPU
		{4024ACA5-EB2E-4F52-ADFF-28F21C27C1DF}.Debug|Any CPU.ActiveCfg = Debug|Any CPU
		{4024ACA5-EB2E-4F52-ADFF-28F21C27C1DF}.Debug|Any CPU.Build.0 = Debug|Any CPU
		{4024ACA5-EB2E-4F52-ADFF-28F21C27C1DF}.Release|Any CPU.ActiveCfg = Release|Any CPU
		{4024ACA5-EB2E-4F52-ADFF-28F21C27C1DF}.Release|Any CPU.Build.0 = Release|Any CPU
		{037E983A-A036-4A78-8537-A5AA9BDF82F5}.Debug|Any CPU.ActiveCfg = Debug|Any CPU
		{037E983A-A036-4A78-8537-A5AA9BDF82F5}.Debug|Any CPU.Build.0 = Debug|Any CPU
		{037E983A-A036-4A78-8537-A5AA9BDF82F5}.Release|Any CPU.ActiveCfg = Release|Any CPU
		{037E983A-A036-4A78-8537-A5AA9BDF82F5}.Release|Any CPU.Build.0 = Release|Any CPU
		{8CF3229B-4FD8-471E-A9CD-E656102F552C}.Debug|Any CPU.ActiveCfg = Debug|Any CPU
		{8CF3229B-4FD8-471E-A9CD-E656102F552C}.Debug|Any CPU.Build.0 = Debug|Any CPU
		{8CF3229B-4FD8-471E-A9CD-E656102F552C}.Release|Any CPU.ActiveCfg = Release|Any CPU
		{8CF3229B-4FD8-471E-A9CD-E656102F552C}.Release|Any CPU.Build.0 = Release|Any CPU
	EndGlobalSection
EndGlobal
